{
  "version": 4,
  "terraform_version": "1.6.3",
  "serial": 3,
  "lineage": "c892b30a-7e87-082d-839c-22d8beffaed6",
  "outputs": {
    "vnetid": {
      "value": "/subscriptions/af95985f-fb7d-44e1-94a9-435eaa0d089d/resourceGroups/importResorceGroup/providers/Microsoft.Network/virtualNetworks/example-network",
      "type": "string"
    }
  },
  "resources": [
    {
      "module": "module.vnet_and_subnet",
      "mode": "managed",
      "type": "azurerm_subnet",
      "name": "example",
      "provider": "provider[\"registry.terraform.io/hashicorp/azurerm\"]",
      "instances": [
        {
          "schema_version": 0,
          "attributes": {
            "address_prefixes": [
              "10.0.1.0/24"
            ],
            "delegation": [],
            "enforce_private_link_endpoint_network_policies": false,
            "enforce_private_link_service_network_policies": false,
            "id": "/subscriptions/af95985f-fb7d-44e1-94a9-435eaa0d089d/resourceGroups/importResorceGroup/providers/Microsoft.Network/virtualNetworks/example-network/subnets/example-subnet",
            "name": "example-subnet",
            "private_endpoint_network_policies_enabled": true,
            "private_link_service_network_policies_enabled": true,
            "resource_group_name": "importResorceGroup",
            "service_endpoint_policy_ids": null,
            "service_endpoints": null,
            "timeouts": null,
            "virtual_network_name": "example-network"
          },
          "sensitive_attributes": [],
          "private": "eyJlMmJmYjczMC1lY2FhLTExZTYtOGY4OC0zNDM2M2JjN2M0YzAiOnsiY3JlYXRlIjoxODAwMDAwMDAwMDAwLCJkZWxldGUiOjE4MDAwMDAwMDAwMDAsInJlYWQiOjMwMDAwMDAwMDAwMCwidXBkYXRlIjoxODAwMDAwMDAwMDAwfX0=",
          "dependencies": [
            "module.vnet_and_subnet.azurerm_virtual_network.example"
          ]
        }
      ]
    },
    {
      "module": "module.vnet_and_subnet",
      "mode": "managed",
      "type": "azurerm_virtual_network",
      "name": "example",
      "provider": "provider[\"registry.terraform.io/hashicorp/azurerm\"]",
      "instances": [
        {
          "schema_version": 0,
          "attributes": {
            "address_space": [
              "10.0.0.0/16"
            ],
            "bgp_community": "",
            "ddos_protection_plan": [],
            "dns_servers": [],
            "edge_zone": "",
            "encryption": [],
            "flow_timeout_in_minutes": 0,
            "guid": "49f2993f-beba-42f3-8276-2e8b2410173f",
            "id": "/subscriptions/af95985f-fb7d-44e1-94a9-435eaa0d089d/resourceGroups/importResorceGroup/providers/Microsoft.Network/virtualNetworks/example-network",
            "location": "eastus",
            "name": "example-network",
            "resource_group_name": "importResorceGroup",
            "subnet": [],
            "tags": null,
            "timeouts": null
          },
          "sensitive_attributes": [],
          "private": "eyJlMmJmYjczMC1lY2FhLTExZTYtOGY4OC0zNDM2M2JjN2M0YzAiOnsiY3JlYXRlIjoxODAwMDAwMDAwMDAwLCJkZWxldGUiOjE4MDAwMDAwMDAwMDAsInJlYWQiOjMwMDAwMDAwMDAwMCwidXBkYXRlIjoxODAwMDAwMDAwMDAwfX0="
        }
      ]
    }
  ],
  "check_results": null
}
